
Microsoft Visual Studio Solution File, Format Version 12.00
# Visual Studio 14
VisualStudioVersion = 14.0.25123.0
MinimumVisualStudioVersion = 10.0.40219.1
Project("{FAE04EC0-301F-11D3-BF4B-00C04F79EFBC}") = "SQLPlus.Web", "SQLPlus.Web\SQLPlus.Web.csproj", "{7D004077-663A-429E-B71C-7C699575ADE6}"
EndProject
Global
	GlobalSection(SolutionConfigurationPlatforms) = preSolution
		Debug|Any CPU = Debug|Any CPU
		Release|Any CPU = Release|Any CPU
	EndGlobalSection
	GlobalSection(ProjectConfigurationPlatforms) = postSolution
		{7D004077-663A-429E-B71C-7C699575ADE6}.Debug|Any CPU.ActiveCfg = Debug|Any CPU
		{7D004077-663A-429E-B71C-7C699575ADE6}.Debug|Any CPU.Build.0 = Debug|Any CPU
		{7D004077-663A-429E-B71C-7C699575ADE6}.Release|Any CPU.ActiveCfg = Release|Any CPU
		{7D004077-663A-429E-B71C-7C699575ADE6}.Release|Any CPU.Build.0 = Release|Any CPU
	EndGlobalSection
	GlobalSection(SolutionProperties) = preSolution
		HideSolutionNode = FALSE
	EndGlobalSection
EndGlobal
